
Microsoft Visual Studio Solution File, Format Version 12.00
# Visual Studio Version 16
VisualStudioVersion = 16.0.30406.217
MinimumVisualStudioVersion = 10.0.40219.1
Project("{FAE04EC0-301F-11D3-BF4B-00C04F79EFBC}") = "UWF-SEM3", "UWF-SEM3\UWF-SEM3.csproj", "{4FFBF1AA-C13C-47CE-A063-ADC84CF592FE}"
EndProject
Project("{FAE04EC0-301F-11D3-BF4B-00C04F79EFBC}") = "FakeNews", "FakeNews\FakeNews.csproj", "{CE22F291-D507-4D13-B5E7-985499FEE782}"
EndProject
Project("{FAE04EC0-301F-11D3-BF4B-00C04F79EFBC}") = "DataBindingSample", "DataBindingSample\DataBindingSample.csproj", "{9DA75D5E-92BC-4D79-8BBF-71D05CB8270D}"
EndProject
Project("{FAE04EC0-301F-11D3-BF4B-00C04F79EFBC}") = "Observable Collection", "Observable Collection\Observable Collection.csproj", "{FCA86AF4-2652-4C63-ADB5-22511E876CE5}"
EndProject
Project("{FAE04EC0-301F-11D3-BF4B-00C04F79EFBC}") = "MyWeatherApplication", "MyWeatherApplication\MyWeatherApplication.csproj", "{2A1131F2-9C5C-49BB-ACF5-59CB02A3DBED}"
EndProject
Project("{FAE04EC0-301F-11D3-BF4B-00C04F79EFBC}") = "WeatherAppDemo", "WeatherAppDemo\WeatherAppDemo.csproj", "{32397B94-E362-47B6-BE4F-5E6818F946CD}"
EndProject
Global
	GlobalSection(SolutionConfigurationPlatforms) = preSolution
		Debug|ARM = Debug|ARM
		Debug|ARM64 = Debug|ARM64
		Debug|x64 = Debug|x64
		Debug|x86 = Debug|x86
		Release|ARM = Release|ARM
		Release|ARM64 = Release|ARM64
		Release|x64 = Release|x64
		Release|x86 = Release|x86
	EndGlobalSection
	GlobalSection(ProjectConfigurationPlatforms) = postSolution
		{4FFBF1AA-C13C-47CE-A063-ADC84CF592FE}.Debug|ARM.ActiveCfg = Debug|ARM
		{4FFBF1AA-C13C-47CE-A063-ADC84CF592FE}.Debug|ARM.Build.0 = Debug|ARM
		{4FFBF1AA-C13C-47CE-A063-ADC84CF592FE}.Debug|ARM.Deploy.0 = Debug|ARM
		{4FFBF1AA-C13C-47CE-A063-ADC84CF592FE}.Debug|ARM64.ActiveCfg = Debug|ARM64
		{4FFBF1AA-C13C-47CE-A063-ADC84CF592FE}.Debug|ARM64.Build.0 = Debug|ARM64
		{4FFBF1AA-C13C-47CE-A063-ADC84CF592FE}.Debug|ARM64.Deploy.0 = Debug|ARM64
		{4FFBF1AA-C13C-47CE-A063-ADC84CF592FE}.Debug|x64.ActiveCfg = Debug|x64
		{4FFBF1AA-C13C-47CE-A063-ADC84CF592FE}.Debug|x64.Build.0 = Debug|x64
		{4FFBF1AA-C13C-47CE-A063-ADC84CF592FE}.Debug|x64.Deploy.0 = Debug|x64
		{4FFBF1AA-C13C-47CE-A063-ADC84CF592FE}.Debug|x86.ActiveCfg = Debug|x86
		{4FFBF1AA-C13C-47CE-A063-ADC84CF592FE}.Debug|x86.Build.0 = Debug|x86
		{4FFBF1AA-C13C-47CE-A063-ADC84CF592FE}.Debug|x86.Deploy.0 = Debug|x86
		{4FFBF1AA-C13C-47CE-A063-ADC84CF592FE}.Release|ARM.ActiveCfg = Release|ARM
		{4FFBF1AA-C13C-47CE-A063-ADC84CF592FE}.Release|ARM.Build.0 = Release|ARM
		{4FFBF1AA-C13C-47CE-A063-ADC84CF592FE}.Release|ARM.Deploy.0 = Release|ARM
		{4FFBF1AA-C13C-47CE-A063-ADC84CF592FE}.Release|ARM64.ActiveCfg = Release|ARM64
		{4FFBF1AA-C13C-47CE-A063-ADC84CF592FE}.Release|ARM64.Build.0 = Release|ARM64
		{4FFBF1AA-C13C-47CE-A063-ADC84CF592FE}.Release|ARM64.Deploy.0 = Release|ARM64
		{4FFBF1AA-C13C-47CE-A063-ADC84CF592FE}.Release|x64.ActiveCfg = Release|x64
		{4FFBF1AA-C13C-47CE-A063-ADC84CF592FE}.Release|x64.Build.0 = Release|x64
		{4FFBF1AA-C13C-47CE-A063-ADC84CF592FE}.Release|x64.Deploy.0 = Release|x64
		{4FFBF1AA-C13C-47CE-A063-ADC84CF592FE}.Release|x86.ActiveCfg = Release|x86
		{4FFBF1AA-C13C-47CE-A063-ADC84CF592FE}.Release|x86.Build.0 = Release|x86
		{4FFBF1AA-C13C-47CE-A063-ADC84CF592FE}.Release|x86.Deploy.0 = Release|x86
		{CE22F291-D507-4D13-B5E7-985499FEE782}.Debug|ARM.ActiveCfg = Debug|ARM
		{CE22F291-D507-4D13-B5E7-985499FEE782}.Debug|ARM.Build.0 = Debug|ARM
		{CE22F291-D507-4D13-B5E7-985499FEE782}.Debug|ARM.Deploy.0 = Debug|ARM
		{CE22F291-D507-4D13-B5E7-985499FEE782}.Debug|ARM64.ActiveCfg = Debug|ARM64
		{CE22F291-D507-4D13-B5E7-985499FEE782}.Debug|ARM64.Build.0 = Debug|ARM64
		{CE22F291-D507-4D13-B5E7-985499FEE782}.Debug|ARM64.Deploy.0 = Debug|ARM64
		{CE22F291-D507-4D13-B5E7-985499FEE782}.Debug|x64.ActiveCfg = Debug|x64
		{CE22F291-D507-4D13-B5E7-985499FEE782}.Debug|x64.Build.0 = Debug|x64
		{CE22F291-D507-4D13-B5E7-985499FEE782}.Debug|x64.Deploy.0 = Debug|x64
		{CE22F291-D507-4D13-B5E7-985499FEE782}.Debug|x86.ActiveCfg = Debug|x86
		{CE22F291-D507-4D13-B5E7-985499FEE782}.Debug|x86.Build.0 = Debug|x86
		{CE22F291-D507-4D13-B5E7-985499FEE782}.Debug|x86.Deploy.0 = Debug|x86
		{CE22F291-D507-4D13-B5E7-985499FEE782}.Release|ARM.ActiveCfg = Release|ARM
		{CE22F291-D507-4D13-B5E7-985499FEE782}.Release|ARM.Build.0 = Release|ARM
		{CE22F291-D507-4D13-B5E7-985499FEE782}.Release|ARM.Deploy.0 = Release|ARM
		{CE22F291-D507-4D13-B5E7-985499FEE782}.Release|ARM64.ActiveCfg = Release|ARM64
		{CE22F291-D507-4D13-B5E7-985499FEE782}.Release|ARM64.Build.0 = Release|ARM64
		{CE22F291-D507-4D13-B5E7-985499FEE782}.Release|ARM64.Deploy.0 = Release|ARM64
		{CE22F291-D507-4D13-B5E7-985499FEE782}.Release|x64.ActiveCfg = Release|x64
		{CE22F291-D507-4D13-B5E7-985499FEE782}.Release|x64.Build.0 = Release|x64
		{CE22F291-D507-4D13-B5E7-985499FEE782}.Release|x64.Deploy.0 = Release|x64
		{CE22F291-D507-4D13-B5E7-985499FEE782}.Release|x86.ActiveCfg = Release|x86
		{CE22F291-D507-4D13-B5E7-985499FEE782}.Release|x86.Build.0 = Release|x86
		{CE22F291-D507-4D13-B5E7-985499FEE782}.Release|x86.Deploy.0 = Release|x86
		{9DA75D5E-92BC-4D79-8BBF-71D05CB8270D}.Debug|ARM.ActiveCfg = Debug|ARM
		{9DA75D5E-92BC-4D79-8BBF-71D05CB8270D}.Debug|ARM.Build.0 = Debug|ARM
		{9DA75D5E-92BC-4D79-8BBF-71D05CB8270D}.Debug|ARM.Deploy.0 = Debug|ARM
		{9DA75D5E-92BC-4D79-8BBF-71D05CB8270D}.Debug|ARM64.ActiveCfg = Debug|ARM64
		{9DA75D5E-92BC-4D79-8BBF-71D05CB8270D}.Debug|ARM64.Build.0 = Debug|ARM64
		{9DA75D5E-92BC-4D79-8BBF-71D05CB8270D}.Debug|ARM64.Deploy.0 = Debug|ARM64
		{9DA75D5E-92BC-4D79-8BBF-71D05CB8270D}.Debug|x64.ActiveCfg = Debug|x64
		{9DA75D5E-92BC-4D79-8BBF-71D05CB8270D}.Debug|x64.Build.0 = Debug|x64
		{9DA75D5E-92BC-4D79-8BBF-71D05CB8270D}.Debug|x64.Deploy.0 = Debug|x64
		{9DA75D5E-92BC-4D79-8BBF-71D05CB8270D}.Debug|x86.ActiveCfg = Debug|x86
		{9DA75D5E-92BC-4D79-8BBF-71D05CB8270D}.Debug|x86.Build.0 = Debug|x86
		{9DA75D5E-92BC-4D79-8BBF-71D05CB8270D}.Debug|x86.Deploy.0 = Debug|x86
		{9DA75D5E-92BC-4D79-8BBF-71D05CB8270D}.Release|ARM.ActiveCfg = Release|ARM
		{9DA75D5E-92BC-4D79-8BBF-71D05CB8270D}.Release|ARM.Build.0 = Release|ARM
		{9DA75D5E-92BC-4D79-8BBF-71D05CB8270D}.Release|ARM.Deploy.0 = Release|ARM
		{9DA75D5E-92BC-4D79-8BBF-71D05CB8270D}.Release|ARM64.ActiveCfg = Release|ARM64
		{9DA75D5E-92BC-4D79-8BBF-71D05CB8270D}.Release|ARM64.Build.0 = Release|ARM64
		{9DA75D5E-92BC-4D79-8BBF-71D05CB8270D}.Release|ARM64.Deploy.0 = Release|ARM64
		{9DA75D5E-92BC-4D79-8BBF-71D05CB8270D}.Release|x64.ActiveCfg = Release|x64
		{9DA75D5E-92BC-4D79-8BBF-71D05CB8270D}.Release|x64.Build.0 = Release|x64
		{9DA75D5E-92BC-4D79-8BBF-71D05CB8270D}.Release|x64.Deploy.0 = Release|x64
		{9DA75D5E-92BC-4D79-8BBF-71D05CB8270D}.Release|x86.ActiveCfg = Release|x86
		{9DA75D5E-92BC-4D79-8BBF-71D05CB8270D}.Release|x86.Build.0 = Release|x86
		{9DA75D5E-92BC-4D79-8BBF-71D05CB8270D}.Release|x86.Deploy.0 = Release|x86
		{FCA86AF4-2652-4C63-ADB5-22511E876CE5}.Debug|ARM.ActiveCfg = Debug|ARM
		{FCA86AF4-2652-4C63-ADB5-22511E876CE5}.Debug|ARM.Build.0 = Debug|ARM
		{FCA86AF4-2652-4C63-ADB5-22511E876CE5}.Debug|ARM.Deploy.0 = Debug|ARM
		{FCA86AF4-2652-4C63-ADB5-22511E876CE5}.Debug|ARM64.ActiveCfg = Debug|ARM64
		{FCA86AF4-2652-4C63-ADB5-22511E876CE5}.Debug|ARM64.Build.0 = Debug|ARM64
		{FCA86AF4-2652-4C63-ADB5-22511E876CE5}.Debug|ARM64.Deploy.0 = Debug|ARM64
		{FCA86AF4-2652-4C63-ADB5-22511E876CE5}.Debug|x64.ActiveCfg = Debug|x64
		{FCA86AF4-2652-4C63-ADB5-22511E876CE5}.Debug|x64.Build.0 = Debug|x64
		{FCA86AF4-2652-4C63-ADB5-22511E876CE5}.Debug|x64.Deploy.0 = Debug|x64
		{FCA86AF4-2652-4C63-ADB5-22511E876CE5}.Debug|x86.ActiveCfg = Debug|x86
		{FCA86AF4-2652-4C63-ADB5-22511E876CE5}.Debug|x86.Build.0 = Debug|x86
		{FCA86AF4-2652-4C63-ADB5-22511E876CE5}.Debug|x86.Deploy.0 = Debug|x86
		{FCA86AF4-2652-4C63-ADB5-22511E876CE5}.Release|ARM.ActiveCfg = Release|ARM
		{FCA86AF4-2652-4C63-ADB5-22511E876CE5}.Release|ARM.Build.0 = Release|ARM
		{FCA86AF4-2652-4C63-ADB5-22511E876CE5}.Release|ARM.Deploy.0 = Release|ARM
		{FCA86AF4-2652-4C63-ADB5-22511E876CE5}.Release|ARM64.ActiveCfg = Release|ARM64
		{FCA86AF4-2652-4C63-ADB5-22511E876CE5}.Release|ARM64.Build.0 = Release|ARM64
		{FCA86AF4-2652-4C63-ADB5-22511E876CE5}.Release|ARM64.Deploy.0 = Release|ARM64
		{FCA86AF4-2652-4C63-ADB5-22511E876CE5}.Release|x64.ActiveCfg = Release|x64
		{FCA86AF4-2652-4C63-ADB5-22511E876CE5}.Release|x64.Build.0 = Release|x64
		{FCA86AF4-2652-4C63-ADB5-22511E876CE5}.Release|x64.Deploy.0 = Release|x64
		{FCA86AF4-2652-4C63-ADB5-22511E876CE5}.Release|x86.ActiveCfg = Release|x86
		{FCA86AF4-2652-4C63-ADB5-22511E876CE5}.Release|x86.Build.0 = Release|x86
		{FCA86AF4-2652-4C63-ADB5-22511E876CE5}.Release|x86.Deploy.0 = Release|x86
		{2A1131F2-9C5C-49BB-ACF5-59CB02A3DBED}.Debug|ARM.ActiveCfg = Debug|ARM
		{2A1131F2-9C5C-49BB-ACF5-59CB02A3DBED}.Debug|ARM.Build.0 = Debug|ARM
		{2A1131F2-9C5C-49BB-ACF5-59CB02A3DBED}.Debug|ARM.Deploy.0 = Debug|ARM
		{2A1131F2-9C5C-49BB-ACF5-59CB02A3DBED}.Debug|ARM64.ActiveCfg = Debug|ARM64
		{2A1131F2-9C5C-49BB-ACF5-59CB02A3DBED}.Debug|ARM64.Build.0 = Debug|ARM64
		{2A1131F2-9C5C-49BB-ACF5-59CB02A3DBED}.Debug|ARM64.Deploy.0 = Debug|ARM64
		{2A1131F2-9C5C-49BB-ACF5-59CB02A3DBED}.Debug|x64.ActiveCfg = Debug|x64
		{2A1131F2-9C5C-49BB-ACF5-59CB02A3DBED}.Debug|x64.Build.0 = Debug|x64
		{2A1131F2-9C5C-49BB-ACF5-59CB02A3DBED}.Debug|x64.Deploy.0 = Debug|x64
		{2A1131F2-9C5C-49BB-ACF5-59CB02A3DBED}.Debug|x86.ActiveCfg = Debug|x86
		{2A1131F2-9C5C-49BB-ACF5-59CB02A3DBED}.Debug|x86.Build.0 = Debug|x86
		{2A1131F2-9C5C-49BB-ACF5-59CB02A3DBED}.Debug|x86.Deploy.0 = Debug|x86
		{2A1131F2-9C5C-49BB-ACF5-59CB02A3DBED}.Release|ARM.ActiveCfg = Release|ARM
		{2A1131F2-9C5C-49BB-ACF5-59CB02A3DBED}.Release|ARM.Build.0 = Release|ARM
		{2A1131F2-9C5C-49BB-ACF5-59CB02A3DBED}.Release|ARM.Deploy.0 = Release|ARM
		{2A1131F2-9C5C-49BB-ACF5-59CB02A3DBED}.Release|ARM64.ActiveCfg = Release|ARM64
		{2A1131F2-9C5C-49BB-ACF5-59CB02A3DBED}.Release|ARM64.Build.0 = Release|ARM64
		{2A1131F2-9C5C-49BB-ACF5-59CB02A3DBED}.Release|ARM64.Deploy.0 = Release|ARM64
		{2A1131F2-9C5C-49BB-ACF5-59CB02A3DBED}.Release|x64.ActiveCfg = Release|x64
		{2A1131F2-9C5C-49BB-ACF5-59CB02A3DBED}.Release|x64.Build.0 = Release|x64
		{2A1131F2-9C5C-49BB-ACF5-59CB02A3DBED}.Release|x64.Deploy.0 = Release|x64
		{2A1131F2-9C5C-49BB-ACF5-59CB02A3DBED}.Release|x86.ActiveCfg = Release|x86
		{2A1131F2-9C5C-49BB-ACF5-59CB02A3DBED}.Release|x86.Build.0 = Release|x86
		{2A1131F2-9C5C-49BB-ACF5-59CB02A3DBED}.Release|x86.Deploy.0 = Release|x86
		{32397B94-E362-47B6-BE4F-5E6818F946CD}.Debug|ARM.ActiveCfg = Debug|ARM
		{32397B94-E362-47B6-BE4F-5E6818F946CD}.Debug|ARM.Build.0 = Debug|ARM
		{32397B94-E362-47B6-BE4F-5E6818F946CD}.Debug|ARM.Deploy.0 = Debug|ARM
		{32397B94-E362-47B6-BE4F-5E6818F946CD}.Debug|ARM64.ActiveCfg = Debug|ARM64
		{32397B94-E362-47B6-BE4F-5E6818F946CD}.Debug|ARM64.Build.0 = Debug|ARM64
		{32397B94-E362-47B6-BE4F-5E6818F946CD}.Debug|ARM64.Deploy.0 = Debug|ARM64
		{32397B94-E362-47B6-BE4F-5E6818F946CD}.Debug|x64.ActiveCfg = Debug|x64
		{32397B94-E362-47B6-BE4F-5E6818F946CD}.Debug|x64.Build.0 = Debug|x64
		{32397B94-E362-47B6-BE4F-5E6818F946CD}.Debug|x64.Deploy.0 = Debug|x64
		{32397B94-E362-47B6-BE4F-5E6818F946CD}.Debug|x86.ActiveCfg = Debug|x86
		{32397B94-E362-47B6-BE4F-5E6818F946CD}.Debug|x86.Build.0 = Debug|x86
		{32397B94-E362-47B6-BE4F-5E6818F946CD}.Debug|x86.Deploy.0 = Debug|x86
		{32397B94-E362-47B6-BE4F-5E6818F946CD}.Release|ARM.ActiveCfg = Release|ARM
		{32397B94-E362-47B6-BE4F-5E6818F946CD}.Release|ARM.Build.0 = Release|ARM
		{32397B94-E362-47B6-BE4F-5E6818F946CD}.Release|ARM.Deploy.0 = Release|ARM
		{32397B94-E362-47B6-BE4F-5E6818F946CD}.Release|ARM64.ActiveCfg = Release|ARM64
		{32397B94-E362-47B6-BE4F-5E6818F946CD}.Release|ARM64.Build.0 = Release|ARM64
		{32397B94-E362-47B6-BE4F-5E6818F946CD}.Release|ARM64.Deploy.0 = Release|ARM64
		{32397B94-E362-47B6-BE4F-5E6818F946CD}.Release|x64.ActiveCfg = Release|x64
		{32397B94-E362-47B6-BE4F-5E6818F946CD}.Release|x64.Build.0 = Release|x64
		{32397B94-E362-47B6-BE4F-5E6818F946CD}.Release|x64.Deploy.0 = Release|x64
		{32397B94-E362-47B6-BE4F-5E6818F946CD}.Release|x86.ActiveCfg = Release|x86
		{32397B94-E362-47B6-BE4F-5E6818F946CD}.Release|x86.Build.0 = Release|x86
		{32397B94-E362-47B6-BE4F-5E6818F946CD}.Release|x86.Deploy.0 = Release|x86
	EndGlobalSection
	GlobalSection(SolutionProperties) = preSolution
		HideSolutionNode = FALSE
	EndGlobalSection
	GlobalSection(ExtensibilityGlobals) = postSolution
		SolutionGuid = {487E1161-1215-4419-8EE0-569B1AFCB274}
	EndGlobalSection
EndGlobal
